
Microsoft Visual Studio Solution File, Format Version 12.00
# Visual Studio Version 17
VisualStudioVersion = 17.13.35931.197 d17.13
MinimumVisualStudioVersion = 10.0.40219.1
Project("{FAE04EC0-301F-11D3-BF4B-00C04F79EFBC}") = "Trabalho_Pratico_2", "Trabalho_Pratico_2.csproj", "{E82A2FC6-3D68-4518-85AF-4076F91A8BE1}"
EndProject
Global
	GlobalSection(SolutionConfigurationPlatforms) = preSolution
		Debug|Any CPU = Debug|Any CPU
		Release|Any CPU = Release|Any CPU
	EndGlobalSection
	GlobalSection(ProjectConfigurationPlatforms) = postSolution
		{E82A2FC6-3D68-4518-85AF-4076F91A8BE1}.Debug|Any CPU.ActiveCfg = Debug|Any CPU
		{E82A2FC6-3D68-4518-85AF-4076F91A8BE1}.Debug|Any CPU.Build.0 = Debug|Any CPU
		{E82A2FC6-3D68-4518-85AF-4076F91A8BE1}.Release|Any CPU.ActiveCfg = Release|Any CPU
		{E82A2FC6-3D68-4518-85AF-4076F91A8BE1}.Release|Any CPU.Build.0 = Release|Any CPU
	EndGlobalSection
	GlobalSection(SolutionProperties) = preSolution
		HideSolutionNode = FALSE
	EndGlobalSection
	GlobalSection(ExtensibilityGlobals) = postSolution
		SolutionGuid = {1243ADC6-8D8B-4B66-AB45-A286B2E70AD3}
	EndGlobalSection
EndGlobal
